
Microsoft Visual Studio Solution File, Format Version 12.00
# Visual Studio Version 16
VisualStudioVersion = 16.0.30428.66
MinimumVisualStudioVersion = 10.0.40219.1
Project("{9A19103F-16F7-4668-BE54-9A1E7A4F7556}") = "API1", "API1.csproj", "{FDE4B0E1-1CA2-4BCC-ADAE-3AF250CA026B}"
EndProject
Global
	GlobalSection(SolutionConfigurationPlatforms) = preSolution
		Debug|Any CPU = Debug|Any CPU
		Release|Any CPU = Release|Any CPU
	EndGlobalSection
	GlobalSection(ProjectConfigurationPlatforms) = postSolution
		{FDE4B0E1-1CA2-4BCC-ADAE-3AF250CA026B}.Debug|Any CPU.ActiveCfg = Debug|Any CPU
		{FDE4B0E1-1CA2-4BCC-ADAE-3AF250CA026B}.Debug|Any CPU.Build.0 = Debug|Any CPU
		{FDE4B0E1-1CA2-4BCC-ADAE-3AF250CA026B}.Release|Any CPU.ActiveCfg = Release|Any CPU
		{FDE4B0E1-1CA2-4BCC-ADAE-3AF250CA026B}.Release|Any CPU.Build.0 = Release|Any CPU
	EndGlobalSection
	GlobalSection(SolutionProperties) = preSolution
		HideSolutionNode = FALSE
	EndGlobalSection
	GlobalSection(ExtensibilityGlobals) = postSolution
		SolutionGuid = {AE7CFB46-B2EE-4C0D-8C37-9A0CEF3091F8}
	EndGlobalSection
EndGlobal
